
Microsoft Visual Studio Solution File, Format Version 12.00
# Visual Studio Version 17
VisualStudioVersion = 17.5.002.0
MinimumVisualStudioVersion = 10.0.40219.1
Project("{9A19103F-16F7-4668-BE54-9A1E7A4F7556}") = "B2", "B2.csproj", "{0CBA368B-CB33-4DEE-9284-26D570368162}"
EndProject
Global
	GlobalSection(SolutionConfigurationPlatforms) = preSolution
		Debug|Any CPU = Debug|Any CPU
		Release|Any CPU = Release|Any CPU
	EndGlobalSection
	GlobalSection(ProjectConfigurationPlatforms) = postSolution
		{0CBA368B-CB33-4DEE-9284-26D570368162}.Debug|Any CPU.ActiveCfg = Debug|Any CPU
		{0CBA368B-CB33-4DEE-9284-26D570368162}.Debug|Any CPU.Build.0 = Debug|Any CPU
		{0CBA368B-CB33-4DEE-9284-26D570368162}.Release|Any CPU.ActiveCfg = Release|Any CPU
		{0CBA368B-CB33-4DEE-9284-26D570368162}.Release|Any CPU.Build.0 = Release|Any CPU
	EndGlobalSection
	GlobalSection(SolutionProperties) = preSolution
		HideSolutionNode = FALSE
	EndGlobalSection
	GlobalSection(ExtensibilityGlobals) = postSolution
		SolutionGuid = {CBC60615-D518-4DF4-971A-006743679216}
	EndGlobalSection
EndGlobal
